
Microsoft Visual Studio Solution File, Format Version 12.00
# Visual Studio 2013
VisualStudioVersion = 12.0.40629.0
MinimumVisualStudioVersion = 10.0.40219.1
Project("{FAE04EC0-301F-11D3-BF4B-00C04F79EFBC}") = "SpaUserControl.Domain", "src\SpaUserControl.Domain.Models\SpaUserControl.Domain.csproj", "{4AFA9953-2EB1-4D49-A4D9-CBEA563403DE}"
EndProject
Project("{FAE04EC0-301F-11D3-BF4B-00C04F79EFBC}") = "SpaUserControl.Common", "src\SpaUserControl.Common\SpaUserControl.Common.csproj", "{E6BE9962-63B4-4878-89AE-5E287E21F89B}"
EndProject
Project("{FAE04EC0-301F-11D3-BF4B-00C04F79EFBC}") = "SpaUserControl.Infraestructure", "SpaUserControl.Infraestructure\SpaUserControl.Infraestructure.csproj", "{FE403453-0C91-4361-88C0-725913FCA2B5}"
EndProject
Global
	GlobalSection(SolutionConfigurationPlatforms) = preSolution
		Debug|Any CPU = Debug|Any CPU
		Release|Any CPU = Release|Any CPU
	EndGlobalSection
	GlobalSection(ProjectConfigurationPlatforms) = postSolution
		{4AFA9953-2EB1-4D49-A4D9-CBEA563403DE}.Debug|Any CPU.ActiveCfg = Debug|Any CPU
		{4AFA9953-2EB1-4D49-A4D9-CBEA563403DE}.Debug|Any CPU.Build.0 = Debug|Any CPU
		{4AFA9953-2EB1-4D49-A4D9-CBEA563403DE}.Release|Any CPU.ActiveCfg = Release|Any CPU
		{4AFA9953-2EB1-4D49-A4D9-CBEA563403DE}.Release|Any CPU.Build.0 = Release|Any CPU
		{E6BE9962-63B4-4878-89AE-5E287E21F89B}.Debug|Any CPU.ActiveCfg = Debug|Any CPU
		{E6BE9962-63B4-4878-89AE-5E287E21F89B}.Debug|Any CPU.Build.0 = Debug|Any CPU
		{E6BE9962-63B4-4878-89AE-5E287E21F89B}.Release|Any CPU.ActiveCfg = Release|Any CPU
		{E6BE9962-63B4-4878-89AE-5E287E21F89B}.Release|Any CPU.Build.0 = Release|Any CPU
		{FE403453-0C91-4361-88C0-725913FCA2B5}.Debug|Any CPU.ActiveCfg = Debug|Any CPU
		{FE403453-0C91-4361-88C0-725913FCA2B5}.Debug|Any CPU.Build.0 = Debug|Any CPU
		{FE403453-0C91-4361-88C0-725913FCA2B5}.Release|Any CPU.ActiveCfg = Release|Any CPU
		{FE403453-0C91-4361-88C0-725913FCA2B5}.Release|Any CPU.Build.0 = Release|Any CPU
	EndGlobalSection
	GlobalSection(SolutionProperties) = preSolution
		HideSolutionNode = FALSE
	EndGlobalSection
EndGlobal
